<?xml version="1.0" encoding="utf-8"?>
<Project ToolsVersion="4.0" xmlns="http://schemas.microsoft.com/developer/msbuild/2003">
  <ItemGroup>
    <Filter Include="rg">
      <UniqueIdentifier>{8b4e346c-9503-40f3-869f-c4ff96c2acff}</UniqueIdentifier>
    </Filter>
    <Filter Include="other">
      <UniqueIdentifier>{93995380-89BD-4b04-88EB-625FBE52EBFB}</UniqueIdentifier>
      <Extensions>h;hh;hpp;hxx;hm;inl;inc;xsd</Extensions>
    </Filter>
  </ItemGroup>
  <ItemGroup>
    <ClInclude Include="stdafx.h">
      <Filter>other</Filter>
    </ClInclude>
    <ClInclude Include="targetver.h">
      <Filter>other</Filter>
    </ClInclude>
    <ClInclude Include="rg\rg_inc.h">
      <Filter>rg</Filter>
    </ClInclude>
    <ClInclude Include="rg\rg_log.h">
      <Filter>rg</Filter>
    </ClInclude>
    <ClInclude Include="rg\rg_hash.h">
      <Filter>rg</Filter>
    </ClInclude>
    <ClInclude Include="rg\rg_image.h">
      <Filter>rg</Filter>
    </ClInclude>
  </ItemGroup>
  <ItemGroup>
    <ClCompile Include="stdafx.cpp">
      <Filter>other</Filter>
    </ClCompile>
  </ItemGroup>
</Project>