<?xml version="1.0" encoding="utf-8"?>
<Project ToolsVersion="4.0" xmlns="http://schemas.microsoft.com/developer/msbuild/2003">
  <ItemGroup>
    <Filter Include="源文件">
      <UniqueIdentifier>{4FC737F1-C7A5-4376-A066-2A32D752A2FF}</UniqueIdentifier>
      <Extensions>cpp;c;cc;cxx;def;odl;idl;hpj;bat;asm;asmx</Extensions>
    </Filter>
    <Filter Include="头文件">
      <UniqueIdentifier>{93995380-89BD-4b04-88EB-625FBE52EBFB}</UniqueIdentifier>
      <Extensions>h;hh;hpp;hxx;hm;inl;inc;xsd</Extensions>
    </Filter>
    <Filter Include="资源文件">
      <UniqueIdentifier>{67DA6AB6-F800-4c08-8B7A-83BB121AAD01}</UniqueIdentifier>
      <Extensions>rc;ico;cur;bmp;dlg;rc2;rct;bin;rgs;gif;jpg;jpeg;jpe;resx;tiff;tif;png;wav;mfcribbon-ms</Extensions>
    </Filter>
    <Filter Include="头文件\rg">
      <UniqueIdentifier>{e2aa52cf-d7af-4ec0-944b-69a98522efe8}</UniqueIdentifier>
    </Filter>
    <Filter Include="源文件\rg">
      <UniqueIdentifier>{52f6787a-8942-4f65-9cc2-a91e80a72fe8}</UniqueIdentifier>
    </Filter>
    <Filter Include="头文件\rg_font">
      <UniqueIdentifier>{83ec6a05-f194-487a-a72a-b15d4c3dbada}</UniqueIdentifier>
    </Filter>
    <Filter Include="资源文件\Data">
      <UniqueIdentifier>{6cd6728e-db2d-45c0-8217-aced02434c3f}</UniqueIdentifier>
    </Filter>
  </ItemGroup>
  <ItemGroup>
    <ClInclude Include="rggui.h">
      <Filter>头文件</Filter>
    </ClInclude>
    <ClInclude Include="rggui_dx11.h">
      <Filter>头文件</Filter>
    </ClInclude>
    <ClInclude Include="rggui_window.h">
      <Filter>头文件</Filter>
    </ClInclude>
    <ClInclude Include="rg_include.h">
      <Filter>头文件\rg</Filter>
    </ClInclude>
    <ClInclude Include="rg_dx11.h">
      <Filter>头文件\rg</Filter>
    </ClInclude>
    <ClInclude Include="rg_vector.h">
      <Filter>头文件\rg</Filter>
    </ClInclude>
    <ClInclude Include="rggui_enum.h">
      <Filter>头文件</Filter>
    </ClInclude>
    <ClInclude Include="rggui_defines.h">
      <Filter>头文件</Filter>
    </ClInclude>
    <ClInclude Include="rg_memalloc.h">
      <Filter>头文件\rg</Filter>
    </ClInclude>
    <ClInclude Include="rg_hash.h">
      <Filter>头文件\rg</Filter>
    </ClInclude>
    <ClInclude Include="rg_vec.h">
      <Filter>头文件\rg</Filter>
    </ClInclude>
    <ClInclude Include="rg_log.h">
      <Filter>头文件\rg</Filter>
    </ClInclude>
    <ClInclude Include="rggui_skin.h">
      <Filter>头文件</Filter>
    </ClInclude>
    <ClInclude Include="rg_font.h">
      <Filter>头文件\rg_font</Filter>
    </ClInclude>
    <ClInclude Include="rggui_font.h">
      <Filter>头文件</Filter>
    </ClInclude>
    <ClInclude Include="rg_utility.h">
      <Filter>头文件\rg</Filter>
    </ClInclude>
    <ClInclude Include="rggui_textrender.h">
      <Filter>头文件</Filter>
    </ClInclude>
    <ClInclude Include="rg_image.h">
      <Filter>头文件\rg</Filter>
    </ClInclude>
    <ClInclude Include="rggui_iconset.h">
      <Filter>头文件</Filter>
    </ClInclude>
  </ItemGroup>
  <ItemGroup>
    <ClCompile Include="rggui.cpp">
      <Filter>源文件</Filter>
    </ClCompile>
    <ClCompile Include="rggui_dx11.cpp">
      <Filter>源文件</Filter>
    </ClCompile>
    <ClCompile Include="rggui_window.cpp">
      <Filter>源文件</Filter>
    </ClCompile>
    <ClCompile Include="rg_dx11.cpp">
      <Filter>源文件\rg</Filter>
    </ClCompile>
    <ClCompile Include="rg_memalloc.cpp">
      <Filter>源文件\rg</Filter>
    </ClCompile>
    <ClCompile Include="rg_hash.cpp">
      <Filter>源文件\rg</Filter>
    </ClCompile>
    <ClCompile Include="rg_vec.cpp">
      <Filter>源文件\rg</Filter>
    </ClCompile>
    <ClCompile Include="rggui_defines.cpp">
      <Filter>源文件</Filter>
    </ClCompile>
    <ClCompile Include="rg_log.cpp">
      <Filter>源文件\rg</Filter>
    </ClCompile>
    <ClCompile Include="rggui_skin.cpp">
      <Filter>源文件</Filter>
    </ClCompile>
    <ClCompile Include="rg_font.cpp">
      <Filter>源文件</Filter>
    </ClCompile>
    <ClCompile Include="rg_utility.cpp">
      <Filter>源文件</Filter>
    </ClCompile>
    <ClCompile Include="rg_image.cpp">
      <Filter>源文件</Filter>
    </ClCompile>
    <ClCompile Include="rggui_iconset.cpp">
      <Filter>源文件</Filter>
    </ClCompile>
  </ItemGroup>
  <ItemGroup>
    <Font Include="Data\arial.ttf">
      <Filter>资源文件\Data</Filter>
    </Font>
  </ItemGroup>
  <ItemGroup>
    <FxCompile Include="Data\ps.hlsl">
      <Filter>资源文件\Data</Filter>
    </FxCompile>
    <FxCompile Include="Data\vs.hlsl">
      <Filter>资源文件\Data</Filter>
    </FxCompile>
  </ItemGroup>
</Project>